
Microsoft Visual Studio Solution File, Format Version 12.00
# Visual Studio Version 17
VisualStudioVersion = 17.1.32228.430
MinimumVisualStudioVersion = 10.0.40219.1
Project("{FAE04EC0-301F-11D3-BF4B-00C04F79EFBC}") = "NyaDesktop", "NyaDesktop\NyaDesktop.csproj", "{4E049685-DF3B-4301-BE3D-5C0CF1A3251D}"
EndProject
Project("{FAE04EC0-301F-11D3-BF4B-00C04F79EFBC}") = "EndpointSetup", "EndpointSetup\EndpointSetup.csproj", "{DFFE4998-AD89-4C21-94D6-1FEC22B8AAF5}"
EndProject
Global
	GlobalSection(SolutionConfigurationPlatforms) = preSolution
		Debug|Any CPU = Debug|Any CPU
		Release|Any CPU = Release|Any CPU
	EndGlobalSection
	GlobalSection(ProjectConfigurationPlatforms) = postSolution
		{4E049685-DF3B-4301-BE3D-5C0CF1A3251D}.Debug|Any CPU.ActiveCfg = Debug|Any CPU
		{4E049685-DF3B-4301-BE3D-5C0CF1A3251D}.Debug|Any CPU.Build.0 = Debug|Any CPU
		{4E049685-DF3B-4301-BE3D-5C0CF1A3251D}.Release|Any CPU.ActiveCfg = Release|Any CPU
		{4E049685-DF3B-4301-BE3D-5C0CF1A3251D}.Release|Any CPU.Build.0 = Release|Any CPU
		{DFFE4998-AD89-4C21-94D6-1FEC22B8AAF5}.Debug|Any CPU.ActiveCfg = Debug|Any CPU
		{DFFE4998-AD89-4C21-94D6-1FEC22B8AAF5}.Debug|Any CPU.Build.0 = Debug|Any CPU
		{DFFE4998-AD89-4C21-94D6-1FEC22B8AAF5}.Release|Any CPU.ActiveCfg = Release|Any CPU
		{DFFE4998-AD89-4C21-94D6-1FEC22B8AAF5}.Release|Any CPU.Build.0 = Release|Any CPU
	EndGlobalSection
	GlobalSection(SolutionProperties) = preSolution
		HideSolutionNode = FALSE
	EndGlobalSection
	GlobalSection(ExtensibilityGlobals) = postSolution
		SolutionGuid = {A9D1E8FB-829A-47A1-98E2-09D46FCF109D}
	EndGlobalSection
EndGlobal
